// !$*UTF8*$!
{
	archiveVersion = 1;
	classes = {
	};
	objectVersion = 46;
	objects = {

/* Begin PBXBuildFile section */
		C01A71951B7AF80E00DC234B /* AppDelegate.swift in Sources */ = {isa = PBXBuildFile; fileRef = C01A71941B7AF80E00DC234B /* AppDelegate.swift */; };
		C01A71971B7AF80E00DC234B /* ViewController.swift in Sources */ = {isa = PBXBuildFile; fileRef = C01A71961B7AF80E00DC234B /* ViewController.swift */; };
		C01A719A1B7AF80E00DC234B /* Main.storyboard in Resources */ = {isa = PBXBuildFile; fileRef = C01A71981B7AF80E00DC234B /* Main.storyboard */; };
		C01A719C1B7AF80E00DC234B /* Images.xcassets in Resources */ = {isa = PBXBuildFile; fileRef = C01A719B1B7AF80E00DC234B /* Images.xcassets */; };
		C01A719F1B7AF80E00DC234B /* LaunchScreen.xib in Resources */ = {isa = PBXBuildFile; fileRef = C01A719D1B7AF80E00DC234B /* LaunchScreen.xib */; };
		C01A71AB1B7AF80E00DC234B /* SyllableQuizTests.swift in Sources */ = {isa = PBXBuildFile; fileRef = C01A71AA1B7AF80E00DC234B /* SyllableQuizTests.swift */; };
/* End PBXBuildFile section */

/* Begin PBXContainerItemProxy section */
		C01A71A51B7AF80E00DC234B /* PBXContainerItemProxy */ = {
			isa = PBXContainerItemProxy;
			containerPortal = C01A71871B7AF80E00DC234B /* Project object */;
			proxyType = 1;
			remoteGlobalIDString = C01A718E1B7AF80E00DC234B;
			remoteInfo = SyllableQuiz;
		};
/* End PBXContainerItemProxy section */

/* Begin PBXFileReference section */
		C01A718F1B7AF80E00DC234B /* SyllableQuiz.app */ = {isa = PBXFileReference; explicitFileType = wrapper.application; includeInIndex = 0; path = SyllableQuiz.app; sourceTree = BUILT_PRODUCTS_DIR; };
		C01A71931B7AF80E00DC234B /* Info.plist */ = {isa = PBXFileReference; lastKnownFileType = text.plist.xml; path = Info.plist; sourceTree = "<group>"; };
		C01A71941B7AF80E00DC234B /* AppDelegate.swift */ = {isa = PBXFileReference; lastKnownFileType = sourcecode.swift; path = AppDelegate.swift; sourceTree = "<group>"; };
		C01A71961B7AF80E00DC234B /* ViewController.swift */ = {isa = PBXFileReference; lastKnownFileType = sourcecode.swift; path = ViewController.swift; sourceTree = "<group>"; };
		C01A71991B7AF80E00DC234B /* Base */ = {isa = PBXFileReference; lastKnownFileType = file.storyboard; name = Base; path = Base.lproj/Main.storyboard; sourceTree = "<group>"; };
		C01A719B1B7AF80E00DC234B /* Images.xcassets */ = {isa = PBXFileReference; lastKnownFileType = folder.assetcatalog; path = Images.xcassets; sourceTree = "<group>"; };
		C01A719E1B7AF80E00DC234B /* Base */ = {isa = PBXFileReference; lastKnownFileType = file.xib; name = Base; path = Base.lproj/LaunchScreen.xib; sourceTree = "<group>"; };
		C01A71A41B7AF80E00DC234B /* SyllableQuizTests.xctest */ = {isa = PBXFileReference; explicitFileType = wrapper.cfbundle; includeInIndex = 0; path = SyllableQuizTests.xctest; sourceTree = BUILT_PRODUCTS_DIR; };
		C01A71A91B7AF80E00DC234B /* Info.plist */ = {isa = PBXFileReference; lastKnownFileType = text.plist.xml; path = Info.plist; sourceTree = "<group>"; };
		C01A71AA1B7AF80E00DC234B /* SyllableQuizTests.swift */ = {isa = PBXFileReference; lastKnownFileType = sourcecode.swift; path = SyllableQuizTests.swift; sourceTree = "<group>"; };
/* End PBXFileReference section */

/* Begin PBXFrameworksBuildPhase section */
		C01A718C1B7AF80E00DC234B /* Frameworks */ = {
			isa = PBXFrameworksBuildPhase;
			buildActionMask = 2147483647;
			files = (
			);
			runOnlyForDeploymentPostprocessing = 0;
		};
		C01A71A11B7AF80E00DC234B /* Frameworks */ = {
			isa = PBXFrameworksBuildPhase;
			buildActionMask = 2147483647;
			files = (
			);
			runOnlyForDeploymentPostprocessing = 0;
		};
/* End PBXFrameworksBuildPhase section */

/* Begin PBXGroup section */
		C01A71861B7AF80E00DC234B = {
			isa = PBXGroup;
			children = (
				C01A71911B7AF80E00DC234B /* SyllableQuiz */,
				C01A71A71B7AF80E00DC234B /* SyllableQuizTests */,
				C01A71901B7AF80E00DC234B /* Products */,
			);
			sourceTree = "<group>";
		};
		C01A71901B7AF80E00DC234B /* Products */ = {
			isa = PBXGroup;
			children = (
				C01A718F1B7AF80E00DC234B /* SyllableQuiz.app */,
				C01A71A41B7AF80E00DC234B /* SyllableQuizTests.xctest */,
			);
			name = Products;
			sourceTree = "<group>";
		};
		C01A71911B7AF80E00DC234B /* SyllableQuiz */ = {
			isa = PBXGroup;
			children = (
				C01A71941B7AF80E00DC234B /* AppDelegate.swift */,
				C01A71961B7AF80E00DC234B /* ViewController.swift */,
				C01A71981B7AF80E00DC234B /* Main.storyboard */,
				C01A719B1B7AF80E00DC234B /* Images.xcassets */,
				C01A719D1B7AF80E00DC234B /* LaunchScreen.xib */,
				C01A71921B7AF80E00DC234B /* Supporting Files */,
			);
			path = SyllableQuiz;
			sourceTree = "<group>";
		};
		C01A71921B7AF80E00DC234B /* Supporting Files */ = {
			isa = PBXGroup;
			children = (
				C01A71931B7AF80E00DC234B /* Info.plist */,
			);
			name = "Supporting Files";
			sourceTree = "<group>";
		};
		C01A71A71B7AF80E00DC234B /* SyllableQuizTests */ = {
			isa = PBXGroup;
			children = (
				C01A71AA1B7AF80E00DC234B /* SyllableQuizTests.swift */,
				C01A71A81B7AF80E00DC234B /* Supporting Files */,
			);
			path = SyllableQuizTests;
			sourceTree = "<group>";
		};
		C01A71A81B7AF80E00DC234B /* Supporting Files */ = {
			isa = PBXGroup;
			children = (
				C01A71A91B7AF80E00DC234B /* Info.plist */,
			);
			name = "Supporting Files";
			sourceTree = "<group>";
		};
/* End PBXGroup section */

/* Begin PBXNativeTarget section */
		C01A718E1B7AF80E00DC234B /* SyllableQuiz */ = {
			isa = PBXNativeTarget;
			buildConfigurationList = C01A71AE1B7AF80E00DC234B /* Build configuration list for PBXNativeTarget "SyllableQuiz" */;
			buildPhases = (
				C01A718B1B7AF80E00DC234B /* Sources */,
				C01A718C1B7AF80E00DC234B /* Frameworks */,
				C01A718D1B7AF80E00DC234B /* Resources */,
			);
			buildRules = (
			);
			dependencies = (
			);
			name = SyllableQuiz;
			productName = SyllableQuiz;
			productReference = C01A718F1B7AF80E00DC234B /* SyllableQuiz.app */;
			productType = "com.apple.product-type.application";
		};
		C01A71A31B7AF80E00DC234B /* SyllableQuizTests */ = {
			isa = PBXNativeTarget;
			buildConfigurationList = C01A71B11B7AF80E00DC234B /* Build configuration list for PBXNativeTarget "SyllableQuizTests" */;
			buildPhases = (
				C01A71A01B7AF80E00DC234B /* Sources */,
				C01A71A11B7AF80E00DC234B /* Frameworks */,
				C01A71A21B7AF80E00DC234B /* Resources */,
			);
			buildRules = (
			);
			dependencies = (
				C01A71A61B7AF80E00DC234B /* PBXTargetDependency */,
			);
			name = SyllableQuizTests;
			productName = SyllableQuizTests;
			productReference = C01A71A41B7AF80E00DC234B /* SyllableQuizTests.xctest */;
			productType = "com.apple.product-type.bundle.unit-test";
		};
/* End PBXNativeTarget section */

/* Begin PBXProject section */
		C01A71871B7AF80E00DC234B /* Project object */ = {
			isa = PBXProject;
			attributes = {
				LastUpgradeCheck = 0640;
				ORGANIZATIONNAME = "矢吹祐真";
				TargetAttributes = {
					C01A718E1B7AF80E00DC234B = {
						CreatedOnToolsVersion = 6.4;
					};
					C01A71A31B7AF80E00DC234B = {
						CreatedOnToolsVersion = 6.4;
						TestTargetID = C01A718E1B7AF80E00DC234B;
					};
				};
			};
			buildConfigurationList = C01A718A1B7AF80E00DC234B /* Build configuration list for PBXProject "SyllableQuiz" */;
			compatibilityVersion = "Xcode 3.2";
			developmentRegion = English;
			hasScannedForEncodings = 0;
			knownRegions = (
				en,
				Base,
			);
			mainGroup = C01A71861B7AF80E00DC234B;
			productRefGroup = C01A71901B7AF80E00DC234B /* Products */;
			projectDirPath = "";
			projectRoot = "";
			targets = (
				C01A718E1B7AF80E00DC234B /* SyllableQuiz */,
				C01A71A31B7AF80E00DC234B /* SyllableQuizTests */,
			);
		};
/* End PBXProject section */

/* Begin PBXResourcesBuildPhase section */
		C01A718D1B7AF80E00DC234B /* Resources */ = {
			isa = PBXResourcesBuildPhase;
			buildActionMask = 2147483647;
			files = (
				C01A719A1B7AF80E00DC234B /* Main.storyboard in Resources */,
				C01A719F1B7AF80E00DC234B /* LaunchScreen.xib in Resources */,
				C01A719C1B7AF80E00DC234B /* Images.xcassets in Resources */,
			);
			runOnlyForDeploymentPostprocessing = 0;
		};
		C01A71A21B7AF80E00DC234B /* Resources */ = {
			isa = PBXResourcesBuildPhase;
			buildActionMask = 2147483647;
			files = (
			);
			runOnlyForDeploymentPostprocessing = 0;
		};
/* End PBXResourcesBuildPhase section */

/* Begin PBXSourcesBuildPhase section */
		C01A718B1B7AF80E00DC234B /* Sources */ = {
			isa = PBXSourcesBuildPhase;
			buildActionMask = 2147483647;
			files = (
				C01A71971B7AF80E00DC234B /* ViewController.swift in Sources */,
				C01A71951B7AF80E00DC234B /* AppDelegate.swift in Sources */,
			);
			runOnlyForDeploymentPostprocessing = 0;
		};
		C01A71A01B7AF80E00DC234B /* Sources */ = {
			isa = PBXSourcesBuildPhase;
			buildActionMask = 2147483647;
			files = (
				C01A71AB1B7AF80E00DC234B /* SyllableQuizTests.swift in Sources */,
			);
			runOnlyForDeploymentPostprocessing = 0;
		};
/* End PBXSourcesBuildPhase section */

/* Begin PBXTargetDependency section */
		C01A71A61B7AF80E00DC234B /* PBXTargetDependency */ = {
			isa = PBXTargetDependency;
			target = C01A718E1B7AF80E00DC234B /* SyllableQuiz */;
			targetProxy = C01A71A51B7AF80E00DC234B /* PBXContainerItemProxy */;
		};
/* End PBXTargetDependency section */

/* Begin PBXVariantGroup section */
		C01A71981B7AF80E00DC234B /* Main.storyboard */ = {
			isa = PBXVariantGroup;
			children = (
				C01A71991B7AF80E00DC234B /* Base */,
			);
			name = Main.storyboard;
			sourceTree = "<group>";
		};
		C01A719D1B7AF80E00DC234B /* LaunchScreen.xib */ = {
			isa = PBXVariantGroup;
			children = (
				C01A719E1B7AF80E00DC234B /* Base */,
			);
			name = LaunchScreen.xib;
			sourceTree = "<group>";
		};
/* End PBXVariantGroup section */

/* Begin XCBuildConfiguration section */
		C01A71AC1B7AF80E00DC234B /* Debug */ = {
			isa = XCBuildConfiguration;
			buildSettings = {
				ALWAYS_SEARCH_USER_PATHS = NO;
				CLANG_CXX_LANGUAGE_STANDARD = "gnu++0x";
				CLANG_CXX_LIBRARY = "libc++";
				CLANG_ENABLE_MODULES = YES;
				CLANG_ENABLE_OBJC_ARC = YES;
				CLANG_WARN_BOOL_CONVERSION = YES;
				CLANG_WARN_CONSTANT_CONVERSION = YES;
				CLANG_WARN_DIRECT_OBJC_ISA_USAGE = YES_ERROR;
				CLANG_WARN_EMPTY_BODY = YES;
				CLANG_WARN_ENUM_CONVERSION = YES;
				CLANG_WARN_INT_CONVERSION = YES;
				CLANG_WARN_OBJC_ROOT_CLASS = YES_ERROR;
				CLANG_WARN_UNREACHABLE_CODE = YES;
				CLANG_WARN__DUPLICATE_METHOD_MATCH = YES;
				"CODE_SIGN_IDENTITY[sdk=iphoneos*]" = "iPhone Developer";
				COPY_PHASE_STRIP = NO;
				DEBUG_INFORMATION_FORMAT = "dwarf-with-dsym";
				ENABLE_STRICT_OBJC_MSGSEND = YES;
				GCC_C_LANGUAGE_STANDARD = gnu99;
				GCC_DYNAMIC_NO_PIC = NO;
				GCC_NO_COMMON_BLOCKS = YES;
				GCC_OPTIMIZATION_LEVEL = 0;
				GCC_PREPROCESSOR_DEFINITIONS = (
					"DEBUG=1",
					"$(inherited)",
				);
				GCC_SYMBOLS_PRIVATE_EXTERN = NO;
				GCC_WARN_64_TO_32_BIT_CONVERSION = YES;
				GCC_WARN_ABOUT_RETURN_TYPE = YES_ERROR;
				GCC_WARN_UNDECLARED_SELECTOR = YES;
				GCC_WARN_UNINITIALIZED_AUTOS = YES_AGGRESSIVE;
				GCC_WARN_UNUSED_FUNCTION = YES;
				GCC_WARN_UNUSED_VARIABLE = YES;
				IPHONEOS_DEPLOYMENT_TARGET = 8.4;
				MTL_ENABLE_DEBUG_INFO = YES;
				ONLY_ACTIVE_ARCH = YES;
				SDKROOT = iphoneos;
				SWIFT_OPTIMIZATION_LEVEL = "-Onone";
				TARGETED_DEVICE_FAMILY = "1,2";
			};
			name = Debug;
		};
		C01A71AD1B7AF80E00DC234B /* Release */ = {
			isa = XCBuildConfiguration;
			buildSettings = {
				ALWAYS_SEARCH_USER_PATHS = NO;
				CLANG_CXX_LANGUAGE_STANDARD = "gnu++0x";
				CLANG_CXX_LIBRARY = "libc++";
				CLANG_ENABLE_MODULES = YES;
				CLANG_ENABLE_OBJC_ARC = YES;
				CLANG_WARN_BOOL_CONVERSION = YES;
				CLANG_WARN_CONSTANT_CONVERSION = YES;
				CLANG_WARN_DIRECT_OBJC_ISA_USAGE = YES_ERROR;
				CLANG_WARN_EMPTY_BODY = YES;
				CLANG_WARN_ENUM_CONVERSION = YES;
				CLANG_WARN_INT_CONVERSION = YES;
				CLANG_WARN_OBJC_ROOT_CLASS = YES_ERROR;
				CLANG_WARN_UNREACHABLE_CODE = YES;
				CLANG_WARN__DUPLICATE_METHOD_MATCH = YES;
				"CODE_SIGN_IDENTITY[sdk=iphoneos*]" = "iPhone Developer";
				COPY_PHASE_STRIP = NO;
				DEBUG_INFORMATION_FORMAT = "dwarf-with-dsym";
				ENABLE_NS_ASSERTIONS = NO;
				ENABLE_STRICT_OBJC_MSGSEND = YES;
				GCC_C_LANGUAGE_STANDARD = gnu99;
				GCC_NO_COMMON_BLOCKS = YES;
				GCC_WARN_64_TO_32_BIT_CONVERSION = YES;
				GCC_WARN_ABOUT_RETURN_TYPE = YES_ERROR;
				GCC_WARN_UNDECLARED_SELECTOR = YES;
				GCC_WARN_UNINITIALIZED_AUTOS = YES_AGGRESSIVE;
				GCC_WARN_UNUSED_FUNCTION = YES;
				GCC_WARN_UNUSED_VARIABLE = YES;
				IPHONEOS_DEPLOYMENT_TARGET = 8.4;
				MTL_ENABLE_DEBUG_INFO = NO;
				SDKROOT = iphoneos;
				TARGETED_DEVICE_FAMILY = "1,2";
				VALIDATE_PRODUCT = YES;
			};
			name = Release;
		};
		C01A71AF1B7AF80E00DC234B /* Debug */ = {
			isa = XCBuildConfiguration;
			buildSettings = {
				ASSETCATALOG_COMPILER_APPICON_NAME = AppIcon;
				INFOPLIST_FILE = SyllableQuiz/Info.plist;
				LD_RUNPATH_SEARCH_PATHS = "$(inherited) @executable_path/Frameworks";
				PRODUCT_NAME = "$(TARGET_NAME)";
			};
			name = Debug;
		};
		C01A71B01B7AF80E00DC234B /* Release */ = {
			isa = XCBuildConfiguration;
			buildSettings = {
				ASSETCATALOG_COMPILER_APPICON_NAME = AppIcon;
				INFOPLIST_FILE = SyllableQuiz/Info.plist;
				LD_RUNPATH_SEARCH_PATHS = "$(inherited) @executable_path/Frameworks";
				PRODUCT_NAME = "$(TARGET_NAME)";
			};
			name = Release;
		};
		C01A71B21B7AF80E00DC234B /* Debug */ = {
			isa = XCBuildConfiguration;
			buildSettings = {
				BUNDLE_LOADER = "$(TEST_HOST)";
				FRAMEWORK_SEARCH_PATHS = (
					"$(SDKROOT)/Developer/Library/Frameworks",
					"$(inherited)",
				);
				GCC_PREPROCESSOR_DEFINITIONS = (
					"DEBUG=1",
					"$(inherited)",
				);
				INFOPLIST_FILE = SyllableQuizTests/Info.plist;
				LD_RUNPATH_SEARCH_PATHS = "$(inherited) @executable_path/Frameworks @loader_path/Frameworks";
				PRODUCT_NAME = "$(TARGET_NAME)";
				TEST_HOST = "$(BUILT_PRODUCTS_DIR)/SyllableQuiz.app/SyllableQuiz";
			};
			name = Debug;
		};
		C01A71B31B7AF80E00DC234B /* Release */ = {
			isa = XCBuildConfiguration;
			buildSettings = {
				BUNDLE_LOADER = "$(TEST_HOST)";
				FRAMEWORK_SEARCH_PATHS = (
					"$(SDKROOT)/Developer/Library/Frameworks",
					"$(inherited)",
				);
				INFOPLIST_FILE = SyllableQuizTests/Info.plist;
				LD_RUNPATH_SEARCH_PATHS = "$(inherited) @executable_path/Frameworks @loader_path/Frameworks";
				PRODUCT_NAME = "$(TARGET_NAME)";
				TEST_HOST = "$(BUILT_PRODUCTS_DIR)/SyllableQuiz.app/SyllableQuiz";
			};
			name = Release;
		};
/* End XCBuildConfiguration section */

/* Begin XCConfigurationList section */
		C01A718A1B7AF80E00DC234B /* Build configuration list for PBXProject "SyllableQuiz" */ = {
			isa = XCConfigurationList;
			buildConfigurations = (
				C01A71AC1B7AF80E00DC234B /* Debug */,
				C01A71AD1B7AF80E00DC234B /* Release */,
			);
			defaultConfigurationIsVisible = 0;
			defaultConfigurationName = Release;
		};
		C01A71AE1B7AF80E00DC234B /* Build configuration list for PBXNativeTarget "SyllableQuiz" */ = {
			isa = XCConfigurationList;
			buildConfigurations = (
				C01A71AF1B7AF80E00DC234B /* Debug */,
				C01A71B01B7AF80E00DC234B /* Release */,
			);
			defaultConfigurationIsVisible = 0;
		};
		C01A71B11B7AF80E00DC234B /* Build configuration list for PBXNativeTarget "SyllableQuizTests" */ = {
			isa = XCConfigurationList;
			buildConfigurations = (
				C01A71B21B7AF80E00DC234B /* Debug */,
				C01A71B31B7AF80E00DC234B /* Release */,
			);
			defaultConfigurationIsVisible = 0;
		};
/* End XCConfigurationList section */
	};
	rootObject = C01A71871B7AF80E00DC234B /* Project object */;
}
